// !$*UTF8*$!
{
	archiveVersion = 1;
	classes = {
	};
	objectVersion = 46;
	objects = {

/* Begin PBXBuildFile section */
		8018FD6D1A84D58900452844 /* main.m in Sources */ = {isa = PBXBuildFile; fileRef = 8018FD6C1A84D58900452844 /* main.m */; };
		8018FD701A84D58900452844 /* AppDelegate.m in Sources */ = {isa = PBXBuildFile; fileRef = 8018FD6F1A84D58900452844 /* AppDelegate.m */; };
		8018FD731A84D58900452844 /* ViewController.m in Sources */ = {isa = PBXBuildFile; fileRef = 8018FD721A84D58900452844 /* ViewController.m */; };
		8018FD761A84D58900452844 /* Main.storyboard in Resources */ = {isa = PBXBuildFile; fileRef = 8018FD741A84D58900452844 /* Main.storyboard */; };
		8018FD781A84D58900452844 /* Images.xcassets in Resources */ = {isa = PBXBuildFile; fileRef = 8018FD771A84D58900452844 /* Images.xcassets */; };
		8018FD7B1A84D58900452844 /* LaunchScreen.xib in Resources */ = {isa = PBXBuildFile; fileRef = 8018FD791A84D58900452844 /* LaunchScreen.xib */; };
		8018FD871A84D58900452844 /* NSThread____Tests.m in Sources */ = {isa = PBXBuildFile; fileRef = 8018FD861A84D58900452844 /* NSThread____Tests.m */; };
/* End PBXBuildFile section */

/* Begin PBXContainerItemProxy section */
		8018FD811A84D58900452844 /* PBXContainerItemProxy */ = {
			isa = PBXContainerItemProxy;
			containerPortal = 8018FD5F1A84D58900452844 /* Project object */;
			proxyType = 1;
			remoteGlobalIDString = 8018FD661A84D58900452844;
			remoteInfo = "NSThread线程使用";
		};
/* End PBXContainerItemProxy section */

/* Begin PBXFileReference section */
		8018FD671A84D58900452844 /* NSThread线程使用.app */ = {isa = PBXFileReference; explicitFileType = wrapper.application; includeInIndex = 0; path = "NSThread线程使用.app"; sourceTree = BUILT_PRODUCTS_DIR; };
		8018FD6B1A84D58900452844 /* Info.plist */ = {isa = PBXFileReference; lastKnownFileType = text.plist.xml; path = Info.plist; sourceTree = "<group>"; };
		8018FD6C1A84D58900452844 /* main.m */ = {isa = PBXFileReference; lastKnownFileType = sourcecode.c.objc; path = main.m; sourceTree = "<group>"; };
		8018FD6E1A84D58900452844 /* AppDelegate.h */ = {isa = PBXFileReference; lastKnownFileType = sourcecode.c.h; path = AppDelegate.h; sourceTree = "<group>"; };
		8018FD6F1A84D58900452844 /* AppDelegate.m */ = {isa = PBXFileReference; lastKnownFileType = sourcecode.c.objc; path = AppDelegate.m; sourceTree = "<group>"; };
		8018FD711A84D58900452844 /* ViewController.h */ = {isa = PBXFileReference; lastKnownFileType = sourcecode.c.h; path = ViewController.h; sourceTree = "<group>"; };
		8018FD721A84D58900452844 /* ViewController.m */ = {isa = PBXFileReference; lastKnownFileType = sourcecode.c.objc; path = ViewController.m; sourceTree = "<group>"; };
		8018FD751A84D58900452844 /* Base */ = {isa = PBXFileReference; lastKnownFileType = file.storyboard; name = Base; path = Base.lproj/Main.storyboard; sourceTree = "<group>"; };
		8018FD771A84D58900452844 /* Images.xcassets */ = {isa = PBXFileReference; lastKnownFileType = folder.assetcatalog; path = Images.xcassets; sourceTree = "<group>"; };
		8018FD7A1A84D58900452844 /* Base */ = {isa = PBXFileReference; lastKnownFileType = file.xib; name = Base; path = Base.lproj/LaunchScreen.xib; sourceTree = "<group>"; };
		8018FD801A84D58900452844 /* NSThread线程使用Tests.xctest */ = {isa = PBXFileReference; explicitFileType = wrapper.cfbundle; includeInIndex = 0; path = "NSThread线程使用Tests.xctest"; sourceTree = BUILT_PRODUCTS_DIR; };
		8018FD851A84D58900452844 /* Info.plist */ = {isa = PBXFileReference; lastKnownFileType = text.plist.xml; path = Info.plist; sourceTree = "<group>"; };
		8018FD861A84D58900452844 /* NSThread____Tests.m */ = {isa = PBXFileReference; lastKnownFileType = sourcecode.c.objc; path = "NSThread____Tests.m"; sourceTree = "<group>"; };
/* End PBXFileReference section */

/* Begin PBXFrameworksBuildPhase section */
		8018FD641A84D58900452844 /* Frameworks */ = {
			isa = PBXFrameworksBuildPhase;
			buildActionMask = 2147483647;
			files = (
			);
			runOnlyForDeploymentPostprocessing = 0;
		};
		8018FD7D1A84D58900452844 /* Frameworks */ = {
			isa = PBXFrameworksBuildPhase;
			buildActionMask = 2147483647;
			files = (
			);
			runOnlyForDeploymentPostprocessing = 0;
		};
/* End PBXFrameworksBuildPhase section */

/* Begin PBXGroup section */
		8018FD5E1A84D58900452844 = {
			isa = PBXGroup;
			children = (
				8018FD691A84D58900452844 /* NSThread线程使用 */,
				8018FD831A84D58900452844 /* NSThread线程使用Tests */,
				8018FD681A84D58900452844 /* Products */,
			);
			sourceTree = "<group>";
		};
		8018FD681A84D58900452844 /* Products */ = {
			isa = PBXGroup;
			children = (
				8018FD671A84D58900452844 /* NSThread线程使用.app */,
				8018FD801A84D58900452844 /* NSThread线程使用Tests.xctest */,
			);
			name = Products;
			sourceTree = "<group>";
		};
		8018FD691A84D58900452844 /* NSThread线程使用 */ = {
			isa = PBXGroup;
			children = (
				8018FD6E1A84D58900452844 /* AppDelegate.h */,
				8018FD6F1A84D58900452844 /* AppDelegate.m */,
				8018FD711A84D58900452844 /* ViewController.h */,
				8018FD721A84D58900452844 /* ViewController.m */,
				8018FD741A84D58900452844 /* Main.storyboard */,
				8018FD771A84D58900452844 /* Images.xcassets */,
				8018FD791A84D58900452844 /* LaunchScreen.xib */,
				8018FD6A1A84D58900452844 /* Supporting Files */,
			);
			path = "NSThread线程使用";
			sourceTree = "<group>";
		};
		8018FD6A1A84D58900452844 /* Supporting Files */ = {
			isa = PBXGroup;
			children = (
				8018FD6B1A84D58900452844 /* Info.plist */,
				8018FD6C1A84D58900452844 /* main.m */,
			);
			name = "Supporting Files";
			sourceTree = "<group>";
		};
		8018FD831A84D58900452844 /* NSThread线程使用Tests */ = {
			isa = PBXGroup;
			children = (
				8018FD861A84D58900452844 /* NSThread____Tests.m */,
				8018FD841A84D58900452844 /* Supporting Files */,
			);
			path = "NSThread线程使用Tests";
			sourceTree = "<group>";
		};
		8018FD841A84D58900452844 /* Supporting Files */ = {
			isa = PBXGroup;
			children = (
				8018FD851A84D58900452844 /* Info.plist */,
			);
			name = "Supporting Files";
			sourceTree = "<group>";
		};
/* End PBXGroup section */

/* Begin PBXNativeTarget section */
		8018FD661A84D58900452844 /* NSThread线程使用 */ = {
			isa = PBXNativeTarget;
			buildConfigurationList = 8018FD8A1A84D58900452844 /* Build configuration list for PBXNativeTarget "NSThread线程使用" */;
			buildPhases = (
				8018FD631A84D58900452844 /* Sources */,
				8018FD641A84D58900452844 /* Frameworks */,
				8018FD651A84D58900452844 /* Resources */,
			);
			buildRules = (
			);
			dependencies = (
			);
			name = "NSThread线程使用";
			productName = "NSThread线程使用";
			productReference = 8018FD671A84D58900452844 /* NSThread线程使用.app */;
			productType = "com.apple.product-type.application";
		};
		8018FD7F1A84D58900452844 /* NSThread线程使用Tests */ = {
			isa = PBXNativeTarget;
			buildConfigurationList = 8018FD8D1A84D58900452844 /* Build configuration list for PBXNativeTarget "NSThread线程使用Tests" */;
			buildPhases = (
				8018FD7C1A84D58900452844 /* Sources */,
				8018FD7D1A84D58900452844 /* Frameworks */,
				8018FD7E1A84D58900452844 /* Resources */,
			);
			buildRules = (
			);
			dependencies = (
				8018FD821A84D58900452844 /* PBXTargetDependency */,
			);
			name = "NSThread线程使用Tests";
			productName = "NSThread线程使用Tests";
			productReference = 8018FD801A84D58900452844 /* NSThread线程使用Tests.xctest */;
			productType = "com.apple.product-type.bundle.unit-test";
		};
/* End PBXNativeTarget section */

/* Begin PBXProject section */
		8018FD5F1A84D58900452844 /* Project object */ = {
			isa = PBXProject;
			attributes = {
				LastUpgradeCheck = 0610;
				ORGANIZATIONNAME = bawei;
				TargetAttributes = {
					8018FD661A84D58900452844 = {
						CreatedOnToolsVersion = 6.1.1;
					};
					8018FD7F1A84D58900452844 = {
						CreatedOnToolsVersion = 6.1.1;
						TestTargetID = 8018FD661A84D58900452844;
					};
				};
			};
			buildConfigurationList = 8018FD621A84D58900452844 /* Build configuration list for PBXProject "NSThread线程使用" */;
			compatibilityVersion = "Xcode 3.2";
			developmentRegion = English;
			hasScannedForEncodings = 0;
			knownRegions = (
				en,
				Base,
			);
			mainGroup = 8018FD5E1A84D58900452844;
			productRefGroup = 8018FD681A84D58900452844 /* Products */;
			projectDirPath = "";
			projectRoot = "";
			targets = (
				8018FD661A84D58900452844 /* NSThread线程使用 */,
				8018FD7F1A84D58900452844 /* NSThread线程使用Tests */,
			);
		};
/* End PBXProject section */

/* Begin PBXResourcesBuildPhase section */
		8018FD651A84D58900452844 /* Resources */ = {
			isa = PBXResourcesBuildPhase;
			buildActionMask = 2147483647;
			files = (
				8018FD761A84D58900452844 /* Main.storyboard in Resources */,
				8018FD7B1A84D58900452844 /* LaunchScreen.xib in Resources */,
				8018FD781A84D58900452844 /* Images.xcassets in Resources */,
			);
			runOnlyForDeploymentPostprocessing = 0;
		};
		8018FD7E1A84D58900452844 /* Resources */ = {
			isa = PBXResourcesBuildPhase;
			buildActionMask = 2147483647;
			files = (
			);
			runOnlyForDeploymentPostprocessing = 0;
		};
/* End PBXResourcesBuildPhase section */

/* Begin PBXSourcesBuildPhase section */
		8018FD631A84D58900452844 /* Sources */ = {
			isa = PBXSourcesBuildPhase;
			buildActionMask = 2147483647;
			files = (
				8018FD731A84D58900452844 /* ViewController.m in Sources */,
				8018FD701A84D58900452844 /* AppDelegate.m in Sources */,
				8018FD6D1A84D58900452844 /* main.m in Sources */,
			);
			runOnlyForDeploymentPostprocessing = 0;
		};
		8018FD7C1A84D58900452844 /* Sources */ = {
			isa = PBXSourcesBuildPhase;
			buildActionMask = 2147483647;
			files = (
				8018FD871A84D58900452844 /* NSThread____Tests.m in Sources */,
			);
			runOnlyForDeploymentPostprocessing = 0;
		};
/* End PBXSourcesBuildPhase section */

/* Begin PBXTargetDependency section */
		8018FD821A84D58900452844 /* PBXTargetDependency */ = {
			isa = PBXTargetDependency;
			target = 8018FD661A84D58900452844 /* NSThread线程使用 */;
			targetProxy = 8018FD811A84D58900452844 /* PBXContainerItemProxy */;
		};
/* End PBXTargetDependency section */

/* Begin PBXVariantGroup section */
		8018FD741A84D58900452844 /* Main.storyboard */ = {
			isa = PBXVariantGroup;
			children = (
				8018FD751A84D58900452844 /* Base */,
			);
			name = Main.storyboard;
			sourceTree = "<group>";
		};
		8018FD791A84D58900452844 /* LaunchScreen.xib */ = {
			isa = PBXVariantGroup;
			children = (
				8018FD7A1A84D58900452844 /* Base */,
			);
			name = LaunchScreen.xib;
			sourceTree = "<group>";
		};
/* End PBXVariantGroup section */

/* Begin XCBuildConfiguration section */
		8018FD881A84D58900452844 /* Debug */ = {
			isa = XCBuildConfiguration;
			buildSettings = {
				ALWAYS_SEARCH_USER_PATHS = NO;
				CLANG_CXX_LANGUAGE_STANDARD = "gnu++0x";
				CLANG_CXX_LIBRARY = "libc++";
				CLANG_ENABLE_MODULES = YES;
				CLANG_ENABLE_OBJC_ARC = YES;
				CLANG_WARN_BOOL_CONVERSION = YES;
				CLANG_WARN_CONSTANT_CONVERSION = YES;
				CLANG_WARN_DIRECT_OBJC_ISA_USAGE = YES_ERROR;
				CLANG_WARN_EMPTY_BODY = YES;
				CLANG_WARN_ENUM_CONVERSION = YES;
				CLANG_WARN_INT_CONVERSION = YES;
				CLANG_WARN_OBJC_ROOT_CLASS = YES_ERROR;
				CLANG_WARN_UNREACHABLE_CODE = YES;
				CLANG_WARN__DUPLICATE_METHOD_MATCH = YES;
				"CODE_SIGN_IDENTITY[sdk=iphoneos*]" = "iPhone Developer";
				COPY_PHASE_STRIP = NO;
				ENABLE_STRICT_OBJC_MSGSEND = YES;
				GCC_C_LANGUAGE_STANDARD = gnu99;
				GCC_DYNAMIC_NO_PIC = NO;
				GCC_OPTIMIZATION_LEVEL = 0;
				GCC_PREPROCESSOR_DEFINITIONS = (
					"DEBUG=1",
					"$(inherited)",
				);
				GCC_SYMBOLS_PRIVATE_EXTERN = NO;
				GCC_WARN_64_TO_32_BIT_CONVERSION = YES;
				GCC_WARN_ABOUT_RETURN_TYPE = YES_ERROR;
				GCC_WARN_UNDECLARED_SELECTOR = YES;
				GCC_WARN_UNINITIALIZED_AUTOS = YES_AGGRESSIVE;
				GCC_WARN_UNUSED_FUNCTION = YES;
				GCC_WARN_UNUSED_VARIABLE = YES;
				IPHONEOS_DEPLOYMENT_TARGET = 8.1;
				MTL_ENABLE_DEBUG_INFO = YES;
				ONLY_ACTIVE_ARCH = YES;
				SDKROOT = iphoneos;
				TARGETED_DEVICE_FAMILY = "1,2";
			};
			name = Debug;
		};
		8018FD891A84D58900452844 /* Release */ = {
			isa = XCBuildConfiguration;
			buildSettings = {
				ALWAYS_SEARCH_USER_PATHS = NO;
				CLANG_CXX_LANGUAGE_STANDARD = "gnu++0x";
				CLANG_CXX_LIBRARY = "libc++";
				CLANG_ENABLE_MODULES = YES;
				CLANG_ENABLE_OBJC_ARC = YES;
				CLANG_WARN_BOOL_CONVERSION = YES;
				CLANG_WARN_CONSTANT_CONVERSION = YES;
				CLANG_WARN_DIRECT_OBJC_ISA_USAGE = YES_ERROR;
				CLANG_WARN_EMPTY_BODY = YES;
				CLANG_WARN_ENUM_CONVERSION = YES;
				CLANG_WARN_INT_CONVERSION = YES;
				CLANG_WARN_OBJC_ROOT_CLASS = YES_ERROR;
				CLANG_WARN_UNREACHABLE_CODE = YES;
				CLANG_WARN__DUPLICATE_METHOD_MATCH = YES;
				"CODE_SIGN_IDENTITY[sdk=iphoneos*]" = "iPhone Developer";
				COPY_PHASE_STRIP = YES;
				ENABLE_NS_ASSERTIONS = NO;
				ENABLE_STRICT_OBJC_MSGSEND = YES;
				GCC_C_LANGUAGE_STANDARD = gnu99;
				GCC_WARN_64_TO_32_BIT_CONVERSION = YES;
				GCC_WARN_ABOUT_RETURN_TYPE = YES_ERROR;
				GCC_WARN_UNDECLARED_SELECTOR = YES;
				GCC_WARN_UNINITIALIZED_AUTOS = YES_AGGRESSIVE;
				GCC_WARN_UNUSED_FUNCTION = YES;
				GCC_WARN_UNUSED_VARIABLE = YES;
				IPHONEOS_DEPLOYMENT_TARGET = 8.1;
				MTL_ENABLE_DEBUG_INFO = NO;
				SDKROOT = iphoneos;
				TARGETED_DEVICE_FAMILY = "1,2";
				VALIDATE_PRODUCT = YES;
			};
			name = Release;
		};
		8018FD8B1A84D58900452844 /* Debug */ = {
			isa = XCBuildConfiguration;
			buildSettings = {
				ASSETCATALOG_COMPILER_APPICON_NAME = AppIcon;
				INFOPLIST_FILE = "NSThread线程使用/Info.plist";
				LD_RUNPATH_SEARCH_PATHS = "$(inherited) @executable_path/Frameworks";
				PRODUCT_NAME = "$(TARGET_NAME)";
			};
			name = Debug;
		};
		8018FD8C1A84D58900452844 /* Release */ = {
			isa = XCBuildConfiguration;
			buildSettings = {
				ASSETCATALOG_COMPILER_APPICON_NAME = AppIcon;
				INFOPLIST_FILE = "NSThread线程使用/Info.plist";
				LD_RUNPATH_SEARCH_PATHS = "$(inherited) @executable_path/Frameworks";
				PRODUCT_NAME = "$(TARGET_NAME)";
			};
			name = Release;
		};
		8018FD8E1A84D58900452844 /* Debug */ = {
			isa = XCBuildConfiguration;
			buildSettings = {
				BUNDLE_LOADER = "$(TEST_HOST)";
				FRAMEWORK_SEARCH_PATHS = (
					"$(SDKROOT)/Developer/Library/Frameworks",
					"$(inherited)",
				);
				GCC_PREPROCESSOR_DEFINITIONS = (
					"DEBUG=1",
					"$(inherited)",
				);
				INFOPLIST_FILE = "NSThread线程使用Tests/Info.plist";
				LD_RUNPATH_SEARCH_PATHS = "$(inherited) @executable_path/Frameworks @loader_path/Frameworks";
				PRODUCT_NAME = "$(TARGET_NAME)";
				TEST_HOST = "$(BUILT_PRODUCTS_DIR)/NSThread线程使用.app/NSThread线程使用";
			};
			name = Debug;
		};
		8018FD8F1A84D58900452844 /* Release */ = {
			isa = XCBuildConfiguration;
			buildSettings = {
				BUNDLE_LOADER = "$(TEST_HOST)";
				FRAMEWORK_SEARCH_PATHS = (
					"$(SDKROOT)/Developer/Library/Frameworks",
					"$(inherited)",
				);
				INFOPLIST_FILE = "NSThread线程使用Tests/Info.plist";
				LD_RUNPATH_SEARCH_PATHS = "$(inherited) @executable_path/Frameworks @loader_path/Frameworks";
				PRODUCT_NAME = "$(TARGET_NAME)";
				TEST_HOST = "$(BUILT_PRODUCTS_DIR)/NSThread线程使用.app/NSThread线程使用";
			};
			name = Release;
		};
/* End XCBuildConfiguration section */

/* Begin XCConfigurationList section */
		8018FD621A84D58900452844 /* Build configuration list for PBXProject "NSThread线程使用" */ = {
			isa = XCConfigurationList;
			buildConfigurations = (
				8018FD881A84D58900452844 /* Debug */,
				8018FD891A84D58900452844 /* Release */,
			);
			defaultConfigurationIsVisible = 0;
			defaultConfigurationName = Release;
		};
		8018FD8A1A84D58900452844 /* Build configuration list for PBXNativeTarget "NSThread线程使用" */ = {
			isa = XCConfigurationList;
			buildConfigurations = (
				8018FD8B1A84D58900452844 /* Debug */,
				8018FD8C1A84D58900452844 /* Release */,
			);
			defaultConfigurationIsVisible = 0;
		};
		8018FD8D1A84D58900452844 /* Build configuration list for PBXNativeTarget "NSThread线程使用Tests" */ = {
			isa = XCConfigurationList;
			buildConfigurations = (
				8018FD8E1A84D58900452844 /* Debug */,
				8018FD8F1A84D58900452844 /* Release */,
			);
			defaultConfigurationIsVisible = 0;
		};
/* End XCConfigurationList section */
	};
	rootObject = 8018FD5F1A84D58900452844 /* Project object */;
}
